<?xml version="1.0" encoding="utf-8"?>
<Project ToolsVersion="4.0" xmlns="http://schemas.microsoft.com/developer/msbuild/2003">
  <ItemGroup>
    <Filter Include="application">
      <UniqueIdentifier>{F9860F5B-653C-8850-EE30-82275AE57E54}</UniqueIdentifier>
    </Filter>
    <Filter Include="event">
      <UniqueIdentifier>{071C650F-7330-8DC0-3CB2-3020A88589F1}</UniqueIdentifier>
    </Filter>
    <Filter Include="input">
      <UniqueIdentifier>{B54AA90F-215F-D1C0-EAE0-742056B4CDF1}</UniqueIdentifier>
    </Filter>
    <Filter Include="platform">
      <UniqueIdentifier>{4A63C33C-3630-1E48-5F49-0CF04B7553D6}</UniqueIdentifier>
    </Filter>
    <Filter Include="registry">
      <UniqueIdentifier>{3E80AE07-2A4D-0913-5366-F7BA3F923EA1}</UniqueIdentifier>
    </Filter>
  </ItemGroup>
  <ItemGroup>
    <ClInclude Include="application\application.hpp">
      <Filter>application</Filter>
    </ClInclude>
    <ClInclude Include="application\entrypoint.hpp">
      <Filter>application</Filter>
    </ClInclude>
    <ClInclude Include="application\layer.hpp">
      <Filter>application</Filter>
    </ClInclude>
    <ClInclude Include="application\layerstack.hpp">
      <Filter>application</Filter>
    </ClInclude>
    <ClInclude Include="application\renderer.hpp">
      <Filter>application</Filter>
    </ClInclude>
    <ClInclude Include="application\window.hpp">
      <Filter>application</Filter>
    </ClInclude>
    <ClInclude Include="event\event.hpp">
      <Filter>event</Filter>
    </ClInclude>
    <ClInclude Include="event\key_events.hpp">
      <Filter>event</Filter>
    </ClInclude>
    <ClInclude Include="event\mouse_events.hpp">
      <Filter>event</Filter>
    </ClInclude>
    <ClInclude Include="event\window_events.hpp">
      <Filter>event</Filter>
    </ClInclude>
    <ClInclude Include="input\keycodes.hpp">
      <Filter>input</Filter>
    </ClInclude>
    <ClInclude Include="input\mousecodes.hpp">
      <Filter>input</Filter>
    </ClInclude>
    <ClInclude Include="log.hpp" />
    <ClInclude Include="platform\glfw_window.hpp">
      <Filter>platform</Filter>
    </ClInclude>
    <ClInclude Include="platform\opengl3_renderer.hpp">
      <Filter>platform</Filter>
    </ClInclude>
    <ClInclude Include="registry\registry.hpp">
      <Filter>registry</Filter>
    </ClInclude>
    <ClInclude Include="types.hpp" />
    <ClInclude Include="util.hpp" />
  </ItemGroup>
  <ItemGroup>
    <ClCompile Include="application\application.cpp">
      <Filter>application</Filter>
    </ClCompile>
    <ClCompile Include="application\layer.cpp">
      <Filter>application</Filter>
    </ClCompile>
    <ClCompile Include="application\layerstack.cpp">
      <Filter>application</Filter>
    </ClCompile>
    <ClCompile Include="event\dispatcher.cpp">
      <Filter>event</Filter>
    </ClCompile>
    <ClCompile Include="platform\glfw_window.cpp">
      <Filter>platform</Filter>
    </ClCompile>
    <ClCompile Include="platform\opengl3_renderer.cpp">
      <Filter>platform</Filter>
    </ClCompile>
    <ClCompile Include="registry\registry.cpp">
      <Filter>registry</Filter>
    </ClCompile>
  </ItemGroup>
</Project>